{
  "name": "delpi-oracle-utils",
  "version": "1.0.0",
  "lockfileVersion": 1,
  "requires": true,
  "dependencies": {
    "ajv": {
      "version": "6.10.0",
      "resolved": "https://registry.npmjs.org/ajv/-/ajv-6.10.0.tgz",
      "integrity": "sha512-nffhOpkymDECQyR0mnsUtoCE8RlX38G0rYP+wgLWFyZuUyuuojSSvi/+euOiQBIn63whYwYVIIH1TvE3tu4OEg==",
      "requires": {
        "fast-deep-equal": "2.0.1",
        "fast-json-stable-stringify": "2.0.0",
        "json-schema-traverse": "0.4.1",
        "uri-js": "4.2.2"
      }
    },
    "asn1": {
      "version": "0.2.4",
      "resolved": "https://registry.npmjs.org/asn1/-/asn1-0.2.4.tgz",
      "integrity": "sha512-jxwzQpLQjSmWXgwaCZE9Nz+glAG01yF1QnWgbhGwHI5A6FRIEY6IVqtHhIepHqI7/kyEyQEagBC5mBEFlIYvdg==",
      "requires": {
        "safer-buffer": "2.1.2"
      }
    },
    "assert-plus": {
      "version": "1.0.0",
      "resolved": "https://registry.npmjs.org/assert-plus/-/assert-plus-1.0.0.tgz",
      "integrity": "sha1-8S4PPF13sLHN2RRpQuTpbB5N1SU="
    },
    "asynckit": {
      "version": "0.4.0",
      "resolved": "https://registry.npmjs.org/asynckit/-/asynckit-0.4.0.tgz",
      "integrity": "sha1-x57Zf380y48robyXkLzDZkdLS3k="
    },
    "aws-sign2": {
      "version": "0.7.0",
      "resolved": "https://registry.npmjs.org/aws-sign2/-/aws-sign2-0.7.0.tgz",
      "integrity": "sha1-tG6JCTSpWR8tL2+G1+ap8bP+dqg="
    },
    "aws4": {
      "version": "1.8.0",
      "resolved": "https://registry.npmjs.org/aws4/-/aws4-1.8.0.tgz",
      "integrity": "sha512-ReZxvNHIOv88FlT7rxcXIIC0fPt4KZqZbOlivyWtXLt8ESx84zd3kMC6iK5jVeS2qt+g7ftS7ye4fi06X5rtRQ=="
    },
    "babel-runtime": {
      "version": "6.26.0",
      "resolved": "https://registry.npmjs.org/babel-runtime/-/babel-runtime-6.26.0.tgz",
      "integrity": "sha1-llxwWGaOgrVde/4E/yM3vItWR/4=",
      "requires": {
        "core-js": "2.5.7",
        "regenerator-runtime": "0.11.1"
      }
    },
    "base-x": {
      "version": "3.0.4",
      "resolved": "https://registry.npmjs.org/base-x/-/base-x-3.0.4.tgz",
      "integrity": "sha512-UYOadoSIkEI/VrRGSG6qp93rp2WdokiAiNYDfGW5qURAY8GiAQkvMbwNNSDYiVJopqv4gCna7xqf4rrNGp+5AA==",
      "requires": {
        "safe-buffer": "5.1.2"
      }
    },
    "bcrypt-pbkdf": {
      "version": "1.0.2",
      "resolved": "https://registry.npmjs.org/bcrypt-pbkdf/-/bcrypt-pbkdf-1.0.2.tgz",
      "integrity": "sha1-pDAdOJtqQ/m2f/PKEaP2Y342Dp4=",
      "requires": {
        "tweetnacl": "0.14.5"
      }
    },
    "bigi": {
      "version": "1.4.2",
      "resolved": "https://registry.npmjs.org/bigi/-/bigi-1.4.2.tgz",
      "integrity": "sha1-nGZalfiLiwj8Bc/XMfVhhZ1yWCU="
    },
    "binaryen": {
      "version": "37.0.0",
      "resolved": "https://registry.npmjs.org/binaryen/-/binaryen-37.0.0.tgz",
      "integrity": "sha512-ACBhSXtQvZvJZ8LNM5R/8HTk57Nr4J+HIrGfIfbIM9OpyaMePsXMgzVt+cMcCgX+sm4bmq5ed0kGgxd9RZ3Kkw=="
    },
    "bn.js": {
      "version": "4.11.8",
      "resolved": "https://registry.npmjs.org/bn.js/-/bn.js-4.11.8.tgz",
      "integrity": "sha512-ItfYfPLkWHUjckQCk8xC+LwxgK8NYcXywGigJgSwOP8Y2iyWT4f2vsZnoOXTTbo+o5yXmIUJ4gn5538SO5S3gA=="
    },
    "browserify-aes": {
      "version": "1.2.0",
      "resolved": "http://registry.npmjs.org/browserify-aes/-/browserify-aes-1.2.0.tgz",
      "integrity": "sha512-+7CHXqGuspUn/Sl5aO7Ea0xWGAtETPXNSAjHo48JfLdPWcMng33Xe4znFvQweqc/uzk5zSOI3H52CYnjCfb5hA==",
      "requires": {
        "buffer-xor": "1.0.3",
        "cipher-base": "1.0.4",
        "create-hash": "1.2.0",
        "evp_bytestokey": "1.0.3",
        "inherits": "2.0.3",
        "safe-buffer": "5.1.2"
      }
    },
    "bs58": {
      "version": "4.0.1",
      "resolved": "https://registry.npmjs.org/bs58/-/bs58-4.0.1.tgz",
      "integrity": "sha1-vhYedsNU9veIrkBx9j806MTwpCo=",
      "requires": {
        "base-x": "3.0.4"
      }
    },
    "buffer-xor": {
      "version": "1.0.3",
      "resolved": "https://registry.npmjs.org/buffer-xor/-/buffer-xor-1.0.3.tgz",
      "integrity": "sha1-JuYe0UIvtw3ULm42cp7VHYVf6Nk="
    },
    "bytebuffer": {
      "version": "5.0.1",
      "resolved": "https://registry.npmjs.org/bytebuffer/-/bytebuffer-5.0.1.tgz",
      "integrity": "sha1-WC7qSxqHO20CCkjVjfhfC7ps/d0=",
      "requires": {
        "long": "3.2.0"
      }
    },
    "camel-case": {
      "version": "3.0.0",
      "resolved": "https://registry.npmjs.org/camel-case/-/camel-case-3.0.0.tgz",
      "integrity": "sha1-yjw2iKTpzzpM2nd9xNy8cTJJz3M=",
      "requires": {
        "no-case": "2.3.2",
        "upper-case": "1.1.3"
      }
    },
    "caseless": {
      "version": "0.12.0",
      "resolved": "https://registry.npmjs.org/caseless/-/caseless-0.12.0.tgz",
      "integrity": "sha1-G2gcIf+EAzyCZUMJBolCDRhxUdw="
    },
    "cipher-base": {
      "version": "1.0.4",
      "resolved": "https://registry.npmjs.org/cipher-base/-/cipher-base-1.0.4.tgz",
      "integrity": "sha512-Kkht5ye6ZGmwv40uUDZztayT2ThLQGfnj/T71N/XzeZeo3nf8foyW7zGTsPYkEya3m5f3cAypH+qe7YOrM1U2Q==",
      "requires": {
        "inherits": "2.0.3",
        "safe-buffer": "5.1.2"
      }
    },
    "colors": {
      "version": "1.3.3",
      "resolved": "https://registry.npmjs.org/colors/-/colors-1.3.3.tgz",
      "integrity": "sha512-mmGt/1pZqYRjMxB1axhTo16/snVZ5krrKkcmMeVKxzECMMXoCgnvTPp10QgHfcbQZw8Dq2jMNG6je4JlWU0gWg=="
    },
    "combined-stream": {
      "version": "1.0.8",
      "resolved": "https://registry.npmjs.org/combined-stream/-/combined-stream-1.0.8.tgz",
      "integrity": "sha512-FQN4MRfuJeHf7cBbBMJFXhKSDq+2kAArBlmRBvcvFE5BB1HZKXtSFASDhdlz9zOYwxh8lDdnvmMOe/+5cdoEdg==",
      "requires": {
        "delayed-stream": "1.0.0"
      }
    },
    "core-js": {
      "version": "2.5.7",
      "resolved": "https://registry.npmjs.org/core-js/-/core-js-2.5.7.tgz",
      "integrity": "sha512-RszJCAxg/PP6uzXVXL6BsxSXx/B05oJAQ2vkJRjyjrEcNVycaqOmNb5OTxZPE3xa5gwZduqza6L9JOCenh/Ecw=="
    },
    "core-util-is": {
      "version": "1.0.2",
      "resolved": "https://registry.npmjs.org/core-util-is/-/core-util-is-1.0.2.tgz",
      "integrity": "sha1-tf1UIgqivFq1eqtxQMlAdUUDwac="
    },
    "create-hash": {
      "version": "1.2.0",
      "resolved": "http://registry.npmjs.org/create-hash/-/create-hash-1.2.0.tgz",
      "integrity": "sha512-z00bCGNHDG8mHAkP7CtT1qVu+bFQUPjYq/4Iv3C3kWjTFV10zIjfSoeqXo9Asws8gwSHDGj/hl2u4OGIjapeCg==",
      "requires": {
        "cipher-base": "1.0.4",
        "inherits": "2.0.3",
        "md5.js": "1.3.5",
        "ripemd160": "2.0.2",
        "sha.js": "2.4.11"
      }
    },
    "create-hmac": {
      "version": "1.1.7",
      "resolved": "http://registry.npmjs.org/create-hmac/-/create-hmac-1.1.7.tgz",
      "integrity": "sha512-MJG9liiZ+ogc4TzUwuvbER1JRdgvUFSB5+VR/g5h82fGaIRWMWddtKBHi7/sVhfjQZ6SehlyhvQYrcYkaUIpLg==",
      "requires": {
        "cipher-base": "1.0.4",
        "create-hash": "1.2.0",
        "inherits": "2.0.3",
        "ripemd160": "2.0.2",
        "safe-buffer": "5.1.2",
        "sha.js": "2.4.11"
      }
    },
    "dashdash": {
      "version": "1.14.1",
      "resolved": "https://registry.npmjs.org/dashdash/-/dashdash-1.14.1.tgz",
      "integrity": "sha1-hTz6D3y+L+1d4gMmuN1YEDX24vA=",
      "requires": {
        "assert-plus": "1.0.0"
      }
    },
    "delayed-stream": {
      "version": "1.0.0",
      "resolved": "https://registry.npmjs.org/delayed-stream/-/delayed-stream-1.0.0.tgz",
      "integrity": "sha1-3zrhmayt+31ECqrgsp4icrJOxhk="
    },
    "dotenv": {
      "version": "6.0.0",
      "resolved": "https://registry.npmjs.org/dotenv/-/dotenv-6.0.0.tgz",
      "integrity": "sha512-FlWbnhgjtwD+uNLUGHbMykMOYQaTivdHEmYwAKFjn6GKe/CqY0fNae93ZHTd20snh9ZLr8mTzIL9m0APQ1pjQg=="
    },
    "ecc-jsbn": {
      "version": "0.1.2",
      "resolved": "https://registry.npmjs.org/ecc-jsbn/-/ecc-jsbn-0.1.2.tgz",
      "integrity": "sha1-OoOpBOVDUyh4dMVkt1SThoSamMk=",
      "requires": {
        "jsbn": "0.1.1",
        "safer-buffer": "2.1.2"
      }
    },
    "ecurve": {
      "version": "1.0.6",
      "resolved": "https://registry.npmjs.org/ecurve/-/ecurve-1.0.6.tgz",
      "integrity": "sha512-/BzEjNfiSuB7jIWKcS/z8FK9jNjmEWvUV2YZ4RLSmcDtP7Lq0m6FvDuSnJpBlDpGRpfRQeTLGLBI8H+kEv0r+w==",
      "requires": {
        "bigi": "1.4.2",
        "safe-buffer": "5.1.2"
      }
    },
    "encoding": {
      "version": "0.1.12",
      "resolved": "https://registry.npmjs.org/encoding/-/encoding-0.1.12.tgz",
      "integrity": "sha1-U4tm8+5izRq1HsMjgp0flIDHS+s=",
      "requires": {
        "iconv-lite": "0.4.24"
      }
    },
    "eosjs": {
      "version": "16.0.9",
      "resolved": "https://registry.npmjs.org/eosjs/-/eosjs-16.0.9.tgz",
      "integrity": "sha512-aYgzbgH2RhnmYVzEmK4AD6UIboJI54PGYQUesv2i8rCqYhWij+xQx7PtALJ481cxZnQgmFn8s2KMkgG07P5/Ug==",
      "requires": {
        "babel-runtime": "6.26.0",
        "binaryen": "37.0.0",
        "create-hash": "1.2.0",
        "eosjs-api": "7.0.4",
        "eosjs-ecc": "4.0.4",
        "fcbuffer": "2.2.2"
      }
    },
    "eosjs-api": {
      "version": "7.0.4",
      "resolved": "https://registry.npmjs.org/eosjs-api/-/eosjs-api-7.0.4.tgz",
      "integrity": "sha512-oLbM39rcyWYkqu6nIEQ50I92yT2vvD7WZPZ3FujbydG2ssR5Re/uSvbkFfZTB02g3I4D+UDUA1jd65HlM7r3MQ==",
      "requires": {
        "camel-case": "3.0.0",
        "isomorphic-fetch": "2.2.1"
      }
    },
    "eosjs-ecc": {
      "version": "4.0.4",
      "resolved": "https://registry.npmjs.org/eosjs-ecc/-/eosjs-ecc-4.0.4.tgz",
      "integrity": "sha512-9wAYefts4TidHOu+eN9nAisZdWpUzlUimZrB63oP7+/s4xRNJEn2Vvep2ICRODpxpidbshM1L7WaSYW9oiV5gA==",
      "requires": {
        "bigi": "1.4.2",
        "browserify-aes": "1.2.0",
        "bs58": "4.0.1",
        "bytebuffer": "5.0.1",
        "create-hash": "1.2.0",
        "create-hmac": "1.1.7",
        "ecurve": "1.0.6",
        "randombytes": "2.0.6"
      }
    },
    "evp_bytestokey": {
      "version": "1.0.3",
      "resolved": "https://registry.npmjs.org/evp_bytestokey/-/evp_bytestokey-1.0.3.tgz",
      "integrity": "sha512-/f2Go4TognH/KvCISP7OUsHn85hT9nUkxxA9BEWxFn+Oj9o8ZNLm/40hdlgSLyuOimsrTKLUMEorQexp/aPQeA==",
      "requires": {
        "md5.js": "1.3.5",
        "safe-buffer": "5.1.2"
      }
    },
    "extend": {
      "version": "3.0.2",
      "resolved": "https://registry.npmjs.org/extend/-/extend-3.0.2.tgz",
      "integrity": "sha512-fjquC59cD7CyW6urNXK0FBufkZcoiGG80wTuPujX590cB5Ttln20E2UB4S/WARVqhXffZl2LNgS+gQdPIIim/g=="
    },
    "extsprintf": {
      "version": "1.3.0",
      "resolved": "https://registry.npmjs.org/extsprintf/-/extsprintf-1.3.0.tgz",
      "integrity": "sha1-lpGEQOMEGnpBT4xS48V06zw+HgU="
    },
    "fast-deep-equal": {
      "version": "2.0.1",
      "resolved": "https://registry.npmjs.org/fast-deep-equal/-/fast-deep-equal-2.0.1.tgz",
      "integrity": "sha1-ewUhjd+WZ79/Nwv3/bLLFf3Qqkk="
    },
    "fast-json-stable-stringify": {
      "version": "2.0.0",
      "resolved": "https://registry.npmjs.org/fast-json-stable-stringify/-/fast-json-stable-stringify-2.0.0.tgz",
      "integrity": "sha1-1RQsDK7msRifh9OnYREGT4bIu/I="
    },
    "fcbuffer": {
      "version": "2.2.2",
      "resolved": "https://registry.npmjs.org/fcbuffer/-/fcbuffer-2.2.2.tgz",
      "integrity": "sha512-4OhDYe3F3iToKkqao6aj72XcvEjCB4p06U8Wy30lYcLQTp2ispBf2cCyeymKPJQGnbG5wpBa2PraaWWJuZVnUg==",
      "requires": {
        "bn.js": "4.11.8",
        "bytebuffer": "5.0.1",
        "ieee-float": "0.6.0"
      }
    },
    "forever-agent": {
      "version": "0.6.1",
      "resolved": "https://registry.npmjs.org/forever-agent/-/forever-agent-0.6.1.tgz",
      "integrity": "sha1-+8cfDEGt6zf5bFd60e1C2P2sypE="
    },
    "form-data": {
      "version": "2.3.3",
      "resolved": "https://registry.npmjs.org/form-data/-/form-data-2.3.3.tgz",
      "integrity": "sha512-1lLKB2Mu3aGP1Q/2eCOx0fNbRMe7XdwktwOruhfqqd0rIJWwN4Dh+E3hrPSlDCXnSR7UtZ1N38rVXm+6+MEhJQ==",
      "requires": {
        "asynckit": "0.4.0",
        "combined-stream": "1.0.8",
        "mime-types": "2.1.24"
      }
    },
    "getpass": {
      "version": "0.1.7",
      "resolved": "https://registry.npmjs.org/getpass/-/getpass-0.1.7.tgz",
      "integrity": "sha1-Xv+OPmhNVprkyysSgmBOi6YhSfo=",
      "requires": {
        "assert-plus": "1.0.0"
      }
    },
    "har-schema": {
      "version": "2.0.0",
      "resolved": "https://registry.npmjs.org/har-schema/-/har-schema-2.0.0.tgz",
      "integrity": "sha1-qUwiJOvKwEeCoNkDVSHyRzW37JI="
    },
    "har-validator": {
      "version": "5.1.3",
      "resolved": "https://registry.npmjs.org/har-validator/-/har-validator-5.1.3.tgz",
      "integrity": "sha512-sNvOCzEQNr/qrvJgc3UG/kD4QtlHycrzwS+6mfTrrSq97BvaYcPZZI1ZSqGSPR73Cxn4LKTD4PttRwfU7jWq5g==",
      "requires": {
        "ajv": "6.10.0",
        "har-schema": "2.0.0"
      }
    },
    "hash-base": {
      "version": "3.0.4",
      "resolved": "https://registry.npmjs.org/hash-base/-/hash-base-3.0.4.tgz",
      "integrity": "sha1-X8hoaEfs1zSZQDMZprCj8/auSRg=",
      "requires": {
        "inherits": "2.0.3",
        "safe-buffer": "5.1.2"
      }
    },
    "http-signature": {
      "version": "1.2.0",
      "resolved": "https://registry.npmjs.org/http-signature/-/http-signature-1.2.0.tgz",
      "integrity": "sha1-muzZJRFHcvPZW2WmCruPfBj7rOE=",
      "requires": {
        "assert-plus": "1.0.0",
        "jsprim": "1.4.1",
        "sshpk": "1.16.1"
      }
    },
    "iconv-lite": {
      "version": "0.4.24",
      "resolved": "https://registry.npmjs.org/iconv-lite/-/iconv-lite-0.4.24.tgz",
      "integrity": "sha512-v3MXnZAcvnywkTUEZomIActle7RXXeedOR31wwl7VlyoXO4Qi9arvSenNQWne1TcRwhCL1HwLI21bEqdpj8/rA==",
      "requires": {
        "safer-buffer": "2.1.2"
      }
    },
    "ieee-float": {
      "version": "0.6.0",
      "resolved": "https://registry.npmjs.org/ieee-float/-/ieee-float-0.6.0.tgz",
      "integrity": "sha1-poqFa6HvUR5/oOfn4VXDpjZCpV0="
    },
    "inherits": {
      "version": "2.0.3",
      "resolved": "https://registry.npmjs.org/inherits/-/inherits-2.0.3.tgz",
      "integrity": "sha1-Yzwsg+PaQqUC9SRmAiSA9CCCYd4="
    },
    "is-stream": {
      "version": "1.1.0",
      "resolved": "https://registry.npmjs.org/is-stream/-/is-stream-1.1.0.tgz",
      "integrity": "sha1-EtSj3U5o4Lec6428hBc66A2RykQ="
    },
    "is-typedarray": {
      "version": "1.0.0",
      "resolved": "https://registry.npmjs.org/is-typedarray/-/is-typedarray-1.0.0.tgz",
      "integrity": "sha1-5HnICFjfDBsR3dppQPlgEfzaSpo="
    },
    "isomorphic-fetch": {
      "version": "2.2.1",
      "resolved": "https://registry.npmjs.org/isomorphic-fetch/-/isomorphic-fetch-2.2.1.tgz",
      "integrity": "sha1-YRrhrPFPXoH3KVB0coGf6XM1WKk=",
      "requires": {
        "node-fetch": "1.7.3",
        "whatwg-fetch": "3.0.0"
      }
    },
    "isstream": {
      "version": "0.1.2",
      "resolved": "https://registry.npmjs.org/isstream/-/isstream-0.1.2.tgz",
      "integrity": "sha1-R+Y/evVa+m+S4VAOaQ64uFKcCZo="
    },
    "jsbn": {
      "version": "0.1.1",
      "resolved": "https://registry.npmjs.org/jsbn/-/jsbn-0.1.1.tgz",
      "integrity": "sha1-peZUwuWi3rXyAdls77yoDA7y9RM="
    },
    "json-schema": {
      "version": "0.2.3",
      "resolved": "https://registry.npmjs.org/json-schema/-/json-schema-0.2.3.tgz",
      "integrity": "sha1-tIDIkuWaLwWVTOcnvT8qTogvnhM="
    },
    "json-schema-traverse": {
      "version": "0.4.1",
      "resolved": "https://registry.npmjs.org/json-schema-traverse/-/json-schema-traverse-0.4.1.tgz",
      "integrity": "sha512-xbbCH5dCYU5T8LcEhhuh7HJ88HXuW3qsI3Y0zOZFKfZEHcpWiHU/Jxzk629Brsab/mMiHQti9wMP+845RPe3Vg=="
    },
    "json-stringify-safe": {
      "version": "5.0.1",
      "resolved": "https://registry.npmjs.org/json-stringify-safe/-/json-stringify-safe-5.0.1.tgz",
      "integrity": "sha1-Epai1Y/UXxmg9s4B1lcB4sc1tus="
    },
    "jsprim": {
      "version": "1.4.1",
      "resolved": "https://registry.npmjs.org/jsprim/-/jsprim-1.4.1.tgz",
      "integrity": "sha1-MT5mvB5cwG5Di8G3SZwuXFastqI=",
      "requires": {
        "assert-plus": "1.0.0",
        "extsprintf": "1.3.0",
        "json-schema": "0.2.3",
        "verror": "1.10.0"
      }
    },
    "long": {
      "version": "3.2.0",
      "resolved": "https://registry.npmjs.org/long/-/long-3.2.0.tgz",
      "integrity": "sha1-2CG3E4yhy1gcFymQ7xTbIAtcR0s="
    },
    "lower-case": {
      "version": "1.1.4",
      "resolved": "https://registry.npmjs.org/lower-case/-/lower-case-1.1.4.tgz",
      "integrity": "sha1-miyr0bno4K6ZOkv31YdcOcQujqw="
    },
    "md5.js": {
      "version": "1.3.5",
      "resolved": "https://registry.npmjs.org/md5.js/-/md5.js-1.3.5.tgz",
      "integrity": "sha512-xitP+WxNPcTTOgnTJcrhM0xvdPepipPSf3I8EIpGKeFLjt3PlJLIDG3u8EX53ZIubkb+5U2+3rELYpEhHhzdkg==",
      "requires": {
        "hash-base": "3.0.4",
        "inherits": "2.0.3",
        "safe-buffer": "5.1.2"
      }
    },
    "mime-db": {
      "version": "1.40.0",
      "resolved": "https://registry.npmjs.org/mime-db/-/mime-db-1.40.0.tgz",
      "integrity": "sha512-jYdeOMPy9vnxEqFRRo6ZvTZ8d9oPb+k18PKoYNYUe2stVEBPPwsln/qWzdbmaIvnhZ9v2P+CuecK+fpUfsV2mA=="
    },
    "mime-types": {
      "version": "2.1.24",
      "resolved": "https://registry.npmjs.org/mime-types/-/mime-types-2.1.24.tgz",
      "integrity": "sha512-WaFHS3MCl5fapm3oLxU4eYDw77IQM2ACcxQ9RIxfaC3ooc6PFuBMGZZsYpvoXS5D5QTWPieo1jjLdAm3TBP3cQ==",
      "requires": {
        "mime-db": "1.40.0"
      }
    },
    "no-case": {
      "version": "2.3.2",
      "resolved": "https://registry.npmjs.org/no-case/-/no-case-2.3.2.tgz",
      "integrity": "sha512-rmTZ9kz+f3rCvK2TD1Ue/oZlns7OGoIWP4fc3llxxRXlOkHKoWPPWJOfFYpITabSow43QJbRIoHQXtt10VldyQ==",
      "requires": {
        "lower-case": "1.1.4"
      }
    },
    "node-fetch": {
      "version": "1.7.3",
      "resolved": "https://registry.npmjs.org/node-fetch/-/node-fetch-1.7.3.tgz",
      "integrity": "sha512-NhZ4CsKx7cYm2vSrBAr2PvFOe6sWDf0UYLRqA6svUYg7+/TSfVAu49jYC4BvQ4Sms9SZgdqGBgroqfDhJdTyKQ==",
      "requires": {
        "encoding": "0.1.12",
        "is-stream": "1.1.0"
      }
    },
    "oauth-sign": {
      "version": "0.9.0",
      "resolved": "https://registry.npmjs.org/oauth-sign/-/oauth-sign-0.9.0.tgz",
      "integrity": "sha512-fexhUFFPTGV8ybAtSIGbV6gOkSv8UtRbDBnAyLQw4QPKkgNlsH2ByPGtMUqdWkos6YCRmAqViwgZrJc/mRDzZQ=="
    },
    "performance-now": {
      "version": "2.1.0",
      "resolved": "https://registry.npmjs.org/performance-now/-/performance-now-2.1.0.tgz",
      "integrity": "sha1-Ywn04OX6kT7BxpMHrjZLSzd8nns="
    },
    "psl": {
      "version": "1.1.33",
      "resolved": "https://registry.npmjs.org/psl/-/psl-1.1.33.tgz",
      "integrity": "sha512-LTDP2uSrsc7XCb5lO7A8BI1qYxRe/8EqlRvMeEl6rsnYAqDOl8xHR+8lSAIVfrNaSAlTPTNOCgNjWcoUL3AZsw=="
    },
    "punycode": {
      "version": "2.1.1",
      "resolved": "https://registry.npmjs.org/punycode/-/punycode-2.1.1.tgz",
      "integrity": "sha512-XRsRjdf+j5ml+y/6GKHPZbrF/8p2Yga0JPtdqTIY2Xe5ohJPD9saDJJLPvp9+NSBprVvevdXZybnj2cv8OEd0A=="
    },
    "qs": {
      "version": "6.5.2",
      "resolved": "https://registry.npmjs.org/qs/-/qs-6.5.2.tgz",
      "integrity": "sha512-N5ZAX4/LxJmF+7wN74pUD6qAh9/wnvdQcjq9TZjevvXzSUo7bfmw91saqMjzGS2xq91/odN2dW/WOl7qQHNDGA=="
    },
    "randombytes": {
      "version": "2.0.6",
      "resolved": "https://registry.npmjs.org/randombytes/-/randombytes-2.0.6.tgz",
      "integrity": "sha512-CIQ5OFxf4Jou6uOKe9t1AOgqpeU5fd70A8NPdHSGeYXqXsPe6peOwI0cUl88RWZ6sP1vPMV3avd/R6cZ5/sP1A==",
      "requires": {
        "safe-buffer": "5.1.2"
      }
    },
    "regenerator-runtime": {
      "version": "0.11.1",
      "resolved": "https://registry.npmjs.org/regenerator-runtime/-/regenerator-runtime-0.11.1.tgz",
      "integrity": "sha512-MguG95oij0fC3QV3URf4V2SDYGJhJnJGqvIIgdECeODCT98wSWDAJ94SSuVpYQUoTcGUIL6L4yNB7j1DFFHSBg=="
    },
    "request": {
      "version": "2.88.0",
      "resolved": "https://registry.npmjs.org/request/-/request-2.88.0.tgz",
      "integrity": "sha512-NAqBSrijGLZdM0WZNsInLJpkJokL72XYjUpnB0iwsRgxh7dB6COrHnTBNwN0E+lHDAJzu7kLAkDeY08z2/A0hg==",
      "requires": {
        "aws-sign2": "0.7.0",
        "aws4": "1.8.0",
        "caseless": "0.12.0",
        "combined-stream": "1.0.8",
        "extend": "3.0.2",
        "forever-agent": "0.6.1",
        "form-data": "2.3.3",
        "har-validator": "5.1.3",
        "http-signature": "1.2.0",
        "is-typedarray": "1.0.0",
        "isstream": "0.1.2",
        "json-stringify-safe": "5.0.1",
        "mime-types": "2.1.24",
        "oauth-sign": "0.9.0",
        "performance-now": "2.1.0",
        "qs": "6.5.2",
        "safe-buffer": "5.1.2",
        "tough-cookie": "2.4.3",
        "tunnel-agent": "0.6.0",
        "uuid": "3.3.2"
      }
    },
    "ripemd160": {
      "version": "2.0.2",
      "resolved": "https://registry.npmjs.org/ripemd160/-/ripemd160-2.0.2.tgz",
      "integrity": "sha512-ii4iagi25WusVoiC4B4lq7pbXfAp3D9v5CwfkY33vffw2+pkDjY1D8GaN7spsxvCSx8dkPqOZCEZyfxcmJG2IA==",
      "requires": {
        "hash-base": "3.0.4",
        "inherits": "2.0.3"
      }
    },
    "safe-buffer": {
      "version": "5.1.2",
      "resolved": "https://registry.npmjs.org/safe-buffer/-/safe-buffer-5.1.2.tgz",
      "integrity": "sha512-Gd2UZBJDkXlY7GbJxfsE8/nvKkUEU1G38c1siN6QP6a9PT9MmHB8GnpscSmMJSoF8LOIrt8ud/wPtojys4G6+g=="
    },
    "safer-buffer": {
      "version": "2.1.2",
      "resolved": "https://registry.npmjs.org/safer-buffer/-/safer-buffer-2.1.2.tgz",
      "integrity": "sha512-YZo3K82SD7Riyi0E1EQPojLz7kpepnSQI9IyPbHHg1XXXevb5dJI7tpyN2ADxGcQbHG7vcyRHk0cbwqcQriUtg=="
    },
    "sha.js": {
      "version": "2.4.11",
      "resolved": "http://registry.npmjs.org/sha.js/-/sha.js-2.4.11.tgz",
      "integrity": "sha512-QMEp5B7cftE7APOjk5Y6xgrbWu+WkLVQwk8JNjZ8nKRciZaByEW6MubieAiToS7+dwvrjGhH8jRXz3MVd0AYqQ==",
      "requires": {
        "inherits": "2.0.3",
        "safe-buffer": "5.1.2"
      }
    },
    "sshpk": {
      "version": "1.16.1",
      "resolved": "https://registry.npmjs.org/sshpk/-/sshpk-1.16.1.tgz",
      "integrity": "sha512-HXXqVUq7+pcKeLqqZj6mHFUMvXtOJt1uoUx09pFW6011inTMxqI8BA8PM95myrIyyKwdnzjdFjLiE6KBPVtJIg==",
      "requires": {
        "asn1": "0.2.4",
        "assert-plus": "1.0.0",
        "bcrypt-pbkdf": "1.0.2",
        "dashdash": "1.14.1",
        "ecc-jsbn": "0.1.2",
        "getpass": "0.1.7",
        "jsbn": "0.1.1",
        "safer-buffer": "2.1.2",
        "tweetnacl": "0.14.5"
      }
    },
    "tough-cookie": {
      "version": "2.4.3",
      "resolved": "https://registry.npmjs.org/tough-cookie/-/tough-cookie-2.4.3.tgz",
      "integrity": "sha512-Q5srk/4vDM54WJsJio3XNn6K2sCG+CQ8G5Wz6bZhRZoAe/+TxjWB/GlFAnYEbkYVlON9FMk/fE3h2RLpPXo4lQ==",
      "requires": {
        "psl": "1.1.33",
        "punycode": "1.4.1"
      },
      "dependencies": {
        "punycode": {
          "version": "1.4.1",
          "resolved": "https://registry.npmjs.org/punycode/-/punycode-1.4.1.tgz",
          "integrity": "sha1-wNWmOycYgArY4esPpSachN1BhF4="
        }
      }
    },
    "tunnel-agent": {
      "version": "0.6.0",
      "resolved": "https://registry.npmjs.org/tunnel-agent/-/tunnel-agent-0.6.0.tgz",
      "integrity": "sha1-J6XeoGs2sEoKmWZ3SykIaPD8QP0=",
      "requires": {
        "safe-buffer": "5.1.2"
      }
    },
    "tweetnacl": {
      "version": "0.14.5",
      "resolved": "https://registry.npmjs.org/tweetnacl/-/tweetnacl-0.14.5.tgz",
      "integrity": "sha1-WuaBd/GS1EViadEIr6k/+HQ/T2Q="
    },
    "upper-case": {
      "version": "1.1.3",
      "resolved": "https://registry.npmjs.org/upper-case/-/upper-case-1.1.3.tgz",
      "integrity": "sha1-9rRQHC7EzdJrp4vnIilh3ndiFZg="
    },
    "uri-js": {
      "version": "4.2.2",
      "resolved": "https://registry.npmjs.org/uri-js/-/uri-js-4.2.2.tgz",
      "integrity": "sha512-KY9Frmirql91X2Qgjry0Wd4Y+YTdrdZheS8TFwvkbLWf/G5KNJDCh6pKL5OZctEW4+0Baa5idK2ZQuELRwPznQ==",
      "requires": {
        "punycode": "2.1.1"
      }
    },
    "uuid": {
      "version": "3.3.2",
      "resolved": "https://registry.npmjs.org/uuid/-/uuid-3.3.2.tgz",
      "integrity": "sha512-yXJmeNaw3DnnKAOKJE51sL/ZaYfWJRl1pK9dr19YFCu0ObS231AB1/LbqTKRAQ5kw8A90rA6fr4riOUpTZvQZA=="
    },
    "verror": {
      "version": "1.10.0",
      "resolved": "https://registry.npmjs.org/verror/-/verror-1.10.0.tgz",
      "integrity": "sha1-OhBcoXBTr1XW4nDB+CiGguGNpAA=",
      "requires": {
        "assert-plus": "1.0.0",
        "core-util-is": "1.0.2",
        "extsprintf": "1.3.0"
      }
    },
    "whatwg-fetch": {
      "version": "3.0.0",
      "resolved": "https://registry.npmjs.org/whatwg-fetch/-/whatwg-fetch-3.0.0.tgz",
      "integrity": "sha512-9GSJUgz1D4MfyKU7KRqwOjXCXTqWdFNvEr7eUBYchQiVc744mqK/MzXPNR2WsPkmkOa4ywfg8C2n8h+13Bey1Q=="
    }
  }
}
